// !$*UTF8*$!
{
	archiveVersion = 1;
	classes = {
	};
	objectVersion = 55;
	objects = {

/* Begin PBXBuildFile section */
		89A2516D2946E2E0002216D6 /* CollectionHeaderFooterView.swift in Sources */ = {isa = PBXBuildFile; fileRef = 89A2516B2946E2E0002216D6 /* CollectionHeaderFooterView.swift */; };
		89A2516E2946E2E0002216D6 /* CollectionHeaderFooterView.xib in Resources */ = {isa = PBXBuildFile; fileRef = 89A2516C2946E2E0002216D6 /* CollectionHeaderFooterView.xib */; };
		89A28A652942EFFD000F010E /* AppDelegate.swift in Sources */ = {isa = PBXBuildFile; fileRef = 89A28A642942EFFD000F010E /* AppDelegate.swift */; };
		89A28A672942EFFD000F010E /* SceneDelegate.swift in Sources */ = {isa = PBXBuildFile; fileRef = 89A28A662942EFFD000F010E /* SceneDelegate.swift */; };
		89A28A692942EFFD000F010E /* ViewController.swift in Sources */ = {isa = PBXBuildFile; fileRef = 89A28A682942EFFD000F010E /* ViewController.swift */; };
		89A28A6C2942EFFD000F010E /* Main.storyboard in Resources */ = {isa = PBXBuildFile; fileRef = 89A28A6A2942EFFD000F010E /* Main.storyboard */; };
		89A28A6E2942EFFE000F010E /* Assets.xcassets in Resources */ = {isa = PBXBuildFile; fileRef = 89A28A6D2942EFFE000F010E /* Assets.xcassets */; };
		89A28A712942EFFE000F010E /* LaunchScreen.storyboard in Resources */ = {isa = PBXBuildFile; fileRef = 89A28A6F2942EFFE000F010E /* LaunchScreen.storyboard */; };
		89A28A7A2942F198000F010E /* CollectionViewCell.swift in Sources */ = {isa = PBXBuildFile; fileRef = 89A28A782942F198000F010E /* CollectionViewCell.swift */; };
		89A28A7B2942F198000F010E /* CollectionViewCell.xib in Resources */ = {isa = PBXBuildFile; fileRef = 89A28A792942F198000F010E /* CollectionViewCell.xib */; };
/* End PBXBuildFile section */

/* Begin PBXFileReference section */
		89A2516B2946E2E0002216D6 /* CollectionHeaderFooterView.swift */ = {isa = PBXFileReference; lastKnownFileType = sourcecode.swift; path = CollectionHeaderFooterView.swift; sourceTree = "<group>"; };
		89A2516C2946E2E0002216D6 /* CollectionHeaderFooterView.xib */ = {isa = PBXFileReference; lastKnownFileType = file.xib; path = CollectionHeaderFooterView.xib; sourceTree = "<group>"; };
		89A28A612942EFFD000F010E /* CollectionViewDemo1.app */ = {isa = PBXFileReference; explicitFileType = wrapper.application; includeInIndex = 0; path = CollectionViewDemo1.app; sourceTree = BUILT_PRODUCTS_DIR; };
		89A28A642942EFFD000F010E /* AppDelegate.swift */ = {isa = PBXFileReference; lastKnownFileType = sourcecode.swift; path = AppDelegate.swift; sourceTree = "<group>"; };
		89A28A662942EFFD000F010E /* SceneDelegate.swift */ = {isa = PBXFileReference; lastKnownFileType = sourcecode.swift; path = SceneDelegate.swift; sourceTree = "<group>"; };
		89A28A682942EFFD000F010E /* ViewController.swift */ = {isa = PBXFileReference; lastKnownFileType = sourcecode.swift; path = ViewController.swift; sourceTree = "<group>"; };
		89A28A6B2942EFFD000F010E /* Base */ = {isa = PBXFileReference; lastKnownFileType = file.storyboard; name = Base; path = Base.lproj/Main.storyboard; sourceTree = "<group>"; };
		89A28A6D2942EFFE000F010E /* Assets.xcassets */ = {isa = PBXFileReference; lastKnownFileType = folder.assetcatalog; path = Assets.xcassets; sourceTree = "<group>"; };
		89A28A702942EFFE000F010E /* Base */ = {isa = PBXFileReference; lastKnownFileType = file.storyboard; name = Base; path = Base.lproj/LaunchScreen.storyboard; sourceTree = "<group>"; };
		89A28A722942EFFE000F010E /* Info.plist */ = {isa = PBXFileReference; lastKnownFileType = text.plist.xml; path = Info.plist; sourceTree = "<group>"; };
		89A28A782942F198000F010E /* CollectionViewCell.swift */ = {isa = PBXFileReference; lastKnownFileType = sourcecode.swift; path = CollectionViewCell.swift; sourceTree = "<group>"; };
		89A28A792942F198000F010E /* CollectionViewCell.xib */ = {isa = PBXFileReference; lastKnownFileType = file.xib; path = CollectionViewCell.xib; sourceTree = "<group>"; };
/* End PBXFileReference section */

/* Begin PBXFrameworksBuildPhase section */
		89A28A5E2942EFFD000F010E /* Frameworks */ = {
			isa = PBXFrameworksBuildPhase;
			buildActionMask = 2147483647;
			files = (
			);
			runOnlyForDeploymentPostprocessing = 0;
		};
/* End PBXFrameworksBuildPhase section */

/* Begin PBXGroup section */
		89A28A582942EFFD000F010E = {
			isa = PBXGroup;
			children = (
				89A28A632942EFFD000F010E /* CollectionViewDemo1 */,
				89A28A622942EFFD000F010E /* Products */,
			);
			sourceTree = "<group>";
		};
		89A28A622942EFFD000F010E /* Products */ = {
			isa = PBXGroup;
			children = (
				89A28A612942EFFD000F010E /* CollectionViewDemo1.app */,
			);
			name = Products;
			sourceTree = "<group>";
		};
		89A28A632942EFFD000F010E /* CollectionViewDemo1 */ = {
			isa = PBXGroup;
			children = (
				89A28A642942EFFD000F010E /* AppDelegate.swift */,
				89A28A662942EFFD000F010E /* SceneDelegate.swift */,
				89A28A682942EFFD000F010E /* ViewController.swift */,
				89A2516B2946E2E0002216D6 /* CollectionHeaderFooterView.swift */,
				89A2516C2946E2E0002216D6 /* CollectionHeaderFooterView.xib */,
				89A28A782942F198000F010E /* CollectionViewCell.swift */,
				89A28A792942F198000F010E /* CollectionViewCell.xib */,
				89A28A6A2942EFFD000F010E /* Main.storyboard */,
				89A28A6D2942EFFE000F010E /* Assets.xcassets */,
				89A28A6F2942EFFE000F010E /* LaunchScreen.storyboard */,
				89A28A722942EFFE000F010E /* Info.plist */,
			);
			path = CollectionViewDemo1;
			sourceTree = "<group>";
		};
/* End PBXGroup section */

/* Begin PBXNativeTarget section */
		89A28A602942EFFD000F010E /* CollectionViewDemo1 */ = {
			isa = PBXNativeTarget;
			buildConfigurationList = 89A28A752942EFFE000F010E /* Build configuration list for PBXNativeTarget "CollectionViewDemo1" */;
			buildPhases = (
				89A28A5D2942EFFD000F010E /* Sources */,
				89A28A5E2942EFFD000F010E /* Frameworks */,
				89A28A5F2942EFFD000F010E /* Resources */,
			);
			buildRules = (
			);
			dependencies = (
			);
			name = CollectionViewDemo1;
			productName = CollectionViewDemo1;
			productReference = 89A28A612942EFFD000F010E /* CollectionViewDemo1.app */;
			productType = "com.apple.product-type.application";
		};
/* End PBXNativeTarget section */

/* Begin PBXProject section */
		89A28A592942EFFD000F010E /* Project object */ = {
			isa = PBXProject;
			attributes = {
				BuildIndependentTargetsInParallel = 1;
				LastSwiftUpdateCheck = 1410;
				LastUpgradeCheck = 1410;
				TargetAttributes = {
					89A28A602942EFFD000F010E = {
						CreatedOnToolsVersion = 14.1;
					};
				};
			};
			buildConfigurationList = 89A28A5C2942EFFD000F010E /* Build configuration list for PBXProject "CollectionViewDemo1" */;
			compatibilityVersion = "Xcode 13.0";
			developmentRegion = en;
			hasScannedForEncodings = 0;
			knownRegions = (
				en,
				Base,
			);
			mainGroup = 89A28A582942EFFD000F010E;
			productRefGroup = 89A28A622942EFFD000F010E /* Products */;
			projectDirPath = "";
			projectRoot = "";
			targets = (
				89A28A602942EFFD000F010E /* CollectionViewDemo1 */,
			);
		};
/* End PBXProject section */

/* Begin PBXResourcesBuildPhase section */
		89A28A5F2942EFFD000F010E /* Resources */ = {
			isa = PBXResourcesBuildPhase;
			buildActionMask = 2147483647;
			files = (
				89A28A712942EFFE000F010E /* LaunchScreen.storyboard in Resources */,
				89A28A6E2942EFFE000F010E /* Assets.xcassets in Resources */,
				89A2516E2946E2E0002216D6 /* CollectionHeaderFooterView.xib in Resources */,
				89A28A7B2942F198000F010E /* CollectionViewCell.xib in Resources */,
				89A28A6C2942EFFD000F010E /* Main.storyboard in Resources */,
			);
			runOnlyForDeploymentPostprocessing = 0;
		};
/* End PBXResourcesBuildPhase section */

/* Begin PBXSourcesBuildPhase section */
		89A28A5D2942EFFD000F010E /* Sources */ = {
			isa = PBXSourcesBuildPhase;
			buildActionMask = 2147483647;
			files = (
				89A2516D2946E2E0002216D6 /* CollectionHeaderFooterView.swift in Sources */,
				89A28A692942EFFD000F010E /* ViewController.swift in Sources */,
				89A28A652942EFFD000F010E /* AppDelegate.swift in Sources */,
				89A28A7A2942F198000F010E /* CollectionViewCell.swift in Sources */,
				89A28A672942EFFD000F010E /* SceneDelegate.swift in Sources */,
			);
			runOnlyForDeploymentPostprocessing = 0;
		};
/* End PBXSourcesBuildPhase section */

/* Begin PBXVariantGroup section */
		89A28A6A2942EFFD000F010E /* Main.storyboard */ = {
			isa = PBXVariantGroup;
			children = (
				89A28A6B2942EFFD000F010E /* Base */,
			);
			name = Main.storyboard;
			sourceTree = "<group>";
		};
		89A28A6F2942EFFE000F010E /* LaunchScreen.storyboard */ = {
			isa = PBXVariantGroup;
			children = (
				89A28A702942EFFE000F010E /* Base */,
			);
			name = LaunchScreen.storyboard;
			sourceTree = "<group>";
		};
/* End PBXVariantGroup section */

/* Begin XCBuildConfiguration section */
		89A28A732942EFFE000F010E /* Debug */ = {
			isa = XCBuildConfiguration;
			buildSettings = {
				ALWAYS_SEARCH_USER_PATHS = NO;
				CLANG_ANALYZER_NONNULL = YES;
				CLANG_ANALYZER_NUMBER_OBJECT_CONVERSION = YES_AGGRESSIVE;
				CLANG_CXX_LANGUAGE_STANDARD = "gnu++20";
				CLANG_ENABLE_MODULES = YES;
				CLANG_ENABLE_OBJC_ARC = YES;
				CLANG_ENABLE_OBJC_WEAK = YES;
				CLANG_WARN_BLOCK_CAPTURE_AUTORELEASING = YES;
				CLANG_WARN_BOOL_CONVERSION = YES;
				CLANG_WARN_COMMA = YES;
				CLANG_WARN_CONSTANT_CONVERSION = YES;
				CLANG_WARN_DEPRECATED_OBJC_IMPLEMENTATIONS = YES;
				CLANG_WARN_DIRECT_OBJC_ISA_USAGE = YES_ERROR;
				CLANG_WARN_DOCUMENTATION_COMMENTS = YES;
				CLANG_WARN_EMPTY_BODY = YES;
				CLANG_WARN_ENUM_CONVERSION = YES;
				CLANG_WARN_INFINITE_RECURSION = YES;
				CLANG_WARN_INT_CONVERSION = YES;
				CLANG_WARN_NON_LITERAL_NULL_CONVERSION = YES;
				CLANG_WARN_OBJC_IMPLICIT_RETAIN_SELF = YES;
				CLANG_WARN_OBJC_LITERAL_CONVERSION = YES;
				CLANG_WARN_OBJC_ROOT_CLASS = YES_ERROR;
				CLANG_WARN_QUOTED_INCLUDE_IN_FRAMEWORK_HEADER = YES;
				CLANG_WARN_RANGE_LOOP_ANALYSIS = YES;
				CLANG_WARN_STRICT_PROTOTYPES = YES;
				CLANG_WARN_SUSPICIOUS_MOVE = YES;
				CLANG_WARN_UNGUARDED_AVAILABILITY = YES_AGGRESSIVE;
				CLANG_WARN_UNREACHABLE_CODE = YES;
				CLANG_WARN__DUPLICATE_METHOD_MATCH = YES;
				COPY_PHASE_STRIP = NO;
				DEBUG_INFORMATION_FORMAT = dwarf;
				ENABLE_STRICT_OBJC_MSGSEND = YES;
				ENABLE_TESTABILITY = YES;
				GCC_C_LANGUAGE_STANDARD = gnu11;
				GCC_DYNAMIC_NO_PIC = NO;
				GCC_NO_COMMON_BLOCKS = YES;
				GCC_OPTIMIZATION_LEVEL = 0;
				GCC_PREPROCESSOR_DEFINITIONS = (
					"DEBUG=1",
					"$(inherited)",
				);
				GCC_WARN_64_TO_32_BIT_CONVERSION = YES;
				GCC_WARN_ABOUT_RETURN_TYPE = YES_ERROR;
				GCC_WARN_UNDECLARED_SELECTOR = YES;
				GCC_WARN_UNINITIALIZED_AUTOS = YES_AGGRESSIVE;
				GCC_WARN_UNUSED_FUNCTION = YES;
				GCC_WARN_UNUSED_VARIABLE = YES;
				IPHONEOS_DEPLOYMENT_TARGET = 16.1;
				MTL_ENABLE_DEBUG_INFO = INCLUDE_SOURCE;
				MTL_FAST_MATH = YES;
				ONLY_ACTIVE_ARCH = YES;
				SDKROOT = iphoneos;
				SWIFT_ACTIVE_COMPILATION_CONDITIONS = DEBUG;
				SWIFT_OPTIMIZATION_LEVEL = "-Onone";
			};
			name = Debug;
		};
		89A28A742942EFFE000F010E /* Release */ = {
			isa = XCBuildConfiguration;
			buildSettings = {
				ALWAYS_SEARCH_USER_PATHS = NO;
				CLANG_ANALYZER_NONNULL = YES;
				CLANG_ANALYZER_NUMBER_OBJECT_CONVERSION = YES_AGGRESSIVE;
				CLANG_CXX_LANGUAGE_STANDARD = "gnu++20";
				CLANG_ENABLE_MODULES = YES;
				CLANG_ENABLE_OBJC_ARC = YES;
				CLANG_ENABLE_OBJC_WEAK = YES;
				CLANG_WARN_BLOCK_CAPTURE_AUTORELEASING = YES;
				CLANG_WARN_BOOL_CONVERSION = YES;
				CLANG_WARN_COMMA = YES;
				CLANG_WARN_CONSTANT_CONVERSION = YES;
				CLANG_WARN_DEPRECATED_OBJC_IMPLEMENTATIONS = YES;
				CLANG_WARN_DIRECT_OBJC_ISA_USAGE = YES_ERROR;
				CLANG_WARN_DOCUMENTATION_COMMENTS = YES;
				CLANG_WARN_EMPTY_BODY = YES;
				CLANG_WARN_ENUM_CONVERSION = YES;
				CLANG_WARN_INFINITE_RECURSION = YES;
				CLANG_WARN_INT_CONVERSION = YES;
				CLANG_WARN_NON_LITERAL_NULL_CONVERSION = YES;
				CLANG_WARN_OBJC_IMPLICIT_RETAIN_SELF = YES;
				CLANG_WARN_OBJC_LITERAL_CONVERSION = YES;
				CLANG_WARN_OBJC_ROOT_CLASS = YES_ERROR;
				CLANG_WARN_QUOTED_INCLUDE_IN_FRAMEWORK_HEADER = YES;
				CLANG_WARN_RANGE_LOOP_ANALYSIS = YES;
				CLANG_WARN_STRICT_PROTOTYPES = YES;
				CLANG_WARN_SUSPICIOUS_MOVE = YES;
				CLANG_WARN_UNGUARDED_AVAILABILITY = YES_AGGRESSIVE;
				CLANG_WARN_UNREACHABLE_CODE = YES;
				CLANG_WARN__DUPLICATE_METHOD_MATCH = YES;
				COPY_PHASE_STRIP = NO;
				DEBUG_INFORMATION_FORMAT = "dwarf-with-dsym";
				ENABLE_NS_ASSERTIONS = NO;
				ENABLE_STRICT_OBJC_MSGSEND = YES;
				GCC_C_LANGUAGE_STANDARD = gnu11;
				GCC_NO_COMMON_BLOCKS = YES;
				GCC_WARN_64_TO_32_BIT_CONVERSION = YES;
				GCC_WARN_ABOUT_RETURN_TYPE = YES_ERROR;
				GCC_WARN_UNDECLARED_SELECTOR = YES;
				GCC_WARN_UNINITIALIZED_AUTOS = YES_AGGRESSIVE;
				GCC_WARN_UNUSED_FUNCTION = YES;
				GCC_WARN_UNUSED_VARIABLE = YES;
				IPHONEOS_DEPLOYMENT_TARGET = 16.1;
				MTL_ENABLE_DEBUG_INFO = NO;
				MTL_FAST_MATH = YES;
				SDKROOT = iphoneos;
				SWIFT_COMPILATION_MODE = wholemodule;
				SWIFT_OPTIMIZATION_LEVEL = "-O";
				VALIDATE_PRODUCT = YES;
			};
			name = Release;
		};
		89A28A762942EFFE000F010E /* Debug */ = {
			isa = XCBuildConfiguration;
			buildSettings = {
				ASSETCATALOG_COMPILER_APPICON_NAME = AppIcon;
				ASSETCATALOG_COMPILER_GLOBAL_ACCENT_COLOR_NAME = AccentColor;
				CODE_SIGN_STYLE = Automatic;
				CURRENT_PROJECT_VERSION = 1;
				GENERATE_INFOPLIST_FILE = YES;
				INFOPLIST_FILE = CollectionViewDemo1/Info.plist;
				INFOPLIST_KEY_UIApplicationSupportsIndirectInputEvents = YES;
				INFOPLIST_KEY_UILaunchStoryboardName = LaunchScreen;
				INFOPLIST_KEY_UIMainStoryboardFile = Main;
				INFOPLIST_KEY_UISupportedInterfaceOrientations_iPad = "UIInterfaceOrientationPortrait UIInterfaceOrientationPortraitUpsideDown UIInterfaceOrientationLandscapeLeft UIInterfaceOrientationLandscapeRight";
				INFOPLIST_KEY_UISupportedInterfaceOrientations_iPhone = "UIInterfaceOrientationPortrait UIInterfaceOrientationLandscapeLeft UIInterfaceOrientationLandscapeRight";
				IPHONEOS_DEPLOYMENT_TARGET = 15.0;
				LD_RUNPATH_SEARCH_PATHS = (
					"$(inherited)",
					"@executable_path/Frameworks",
				);
				MARKETING_VERSION = 1.0;
				PRODUCT_BUNDLE_IDENTIFIER = demo.CollectionViewDemo1;
				PRODUCT_NAME = "$(TARGET_NAME)";
				SWIFT_EMIT_LOC_STRINGS = YES;
				SWIFT_VERSION = 5.0;
				TARGETED_DEVICE_FAMILY = "1,2";
			};
			name = Debug;
		};
		89A28A772942EFFE000F010E /* Release */ = {
			isa = XCBuildConfiguration;
			buildSettings = {
				ASSETCATALOG_COMPILER_APPICON_NAME = AppIcon;
				ASSETCATALOG_COMPILER_GLOBAL_ACCENT_COLOR_NAME = AccentColor;
				CODE_SIGN_STYLE = Automatic;
				CURRENT_PROJECT_VERSION = 1;
				GENERATE_INFOPLIST_FILE = YES;
				INFOPLIST_FILE = CollectionViewDemo1/Info.plist;
				INFOPLIST_KEY_UIApplicationSupportsIndirectInputEvents = YES;
				INFOPLIST_KEY_UILaunchStoryboardName = LaunchScreen;
				INFOPLIST_KEY_UIMainStoryboardFile = Main;
				INFOPLIST_KEY_UISupportedInterfaceOrientations_iPad = "UIInterfaceOrientationPortrait UIInterfaceOrientationPortraitUpsideDown UIInterfaceOrientationLandscapeLeft UIInterfaceOrientationLandscapeRight";
				INFOPLIST_KEY_UISupportedInterfaceOrientations_iPhone = "UIInterfaceOrientationPortrait UIInterfaceOrientationLandscapeLeft UIInterfaceOrientationLandscapeRight";
				IPHONEOS_DEPLOYMENT_TARGET = 15.0;
				LD_RUNPATH_SEARCH_PATHS = (
					"$(inherited)",
					"@executable_path/Frameworks",
				);
				MARKETING_VERSION = 1.0;
				PRODUCT_BUNDLE_IDENTIFIER = demo.CollectionViewDemo1;
				PRODUCT_NAME = "$(TARGET_NAME)";
				SWIFT_EMIT_LOC_STRINGS = YES;
				SWIFT_VERSION = 5.0;
				TARGETED_DEVICE_FAMILY = "1,2";
			};
			name = Release;
		};
/* End XCBuildConfiguration section */

/* Begin XCConfigurationList section */
		89A28A5C2942EFFD000F010E /* Build configuration list for PBXProject "CollectionViewDemo1" */ = {
			isa = XCConfigurationList;
			buildConfigurations = (
				89A28A732942EFFE000F010E /* Debug */,
				89A28A742942EFFE000F010E /* Release */,
			);
			defaultConfigurationIsVisible = 0;
			defaultConfigurationName = Release;
		};
		89A28A752942EFFE000F010E /* Build configuration list for PBXNativeTarget "CollectionViewDemo1" */ = {
			isa = XCConfigurationList;
			buildConfigurations = (
				89A28A762942EFFE000F010E /* Debug */,
				89A28A772942EFFE000F010E /* Release */,
			);
			defaultConfigurationIsVisible = 0;
			defaultConfigurationName = Release;
		};
/* End XCConfigurationList section */
	};
	rootObject = 89A28A592942EFFD000F010E /* Project object */;
}
