// !$*UTF8*$!
{
	archiveVersion = 1;
	classes = {
	};
	objectVersion = 55;
	objects = {

/* Begin PBXBuildFile section */
		8938121D294093FF00F39D13 /* CustomTableViewCell.swift in Sources */ = {isa = PBXBuildFile; fileRef = 8938121C294093FF00F39D13 /* CustomTableViewCell.swift */; };
		89E7C9B22941D48A00863C4C /* CustomHeaderView.swift in Sources */ = {isa = PBXBuildFile; fileRef = 89E7C9B12941D48A00863C4C /* CustomHeaderView.swift */; };
		89E7C9B42941D4E800863C4C /* CustomHeaderView.xib in Resources */ = {isa = PBXBuildFile; fileRef = 89E7C9B32941D4E800863C4C /* CustomHeaderView.xib */; };
		89E7C9B62941E40600863C4C /* CustomFooterView.swift in Sources */ = {isa = PBXBuildFile; fileRef = 89E7C9B52941E40600863C4C /* CustomFooterView.swift */; };
		89E7C9B82941E45100863C4C /* CustomFooterView.xib in Resources */ = {isa = PBXBuildFile; fileRef = 89E7C9B72941E45100863C4C /* CustomFooterView.xib */; };
		89F90119293DDC1000FB25E7 /* AppDelegate.swift in Sources */ = {isa = PBXBuildFile; fileRef = 89F90118293DDC1000FB25E7 /* AppDelegate.swift */; };
		89F9011B293DDC1000FB25E7 /* SceneDelegate.swift in Sources */ = {isa = PBXBuildFile; fileRef = 89F9011A293DDC1000FB25E7 /* SceneDelegate.swift */; };
		89F9011D293DDC1000FB25E7 /* MyViewController.swift in Sources */ = {isa = PBXBuildFile; fileRef = 89F9011C293DDC1000FB25E7 /* MyViewController.swift */; };
		89F90120293DDC1100FB25E7 /* Main.storyboard in Resources */ = {isa = PBXBuildFile; fileRef = 89F9011E293DDC1100FB25E7 /* Main.storyboard */; };
		89F90122293DDC1100FB25E7 /* Assets.xcassets in Resources */ = {isa = PBXBuildFile; fileRef = 89F90121293DDC1100FB25E7 /* Assets.xcassets */; };
		89F90125293DDC1100FB25E7 /* LaunchScreen.storyboard in Resources */ = {isa = PBXBuildFile; fileRef = 89F90123293DDC1100FB25E7 /* LaunchScreen.storyboard */; };
/* End PBXBuildFile section */

/* Begin PBXFileReference section */
		8938121C294093FF00F39D13 /* CustomTableViewCell.swift */ = {isa = PBXFileReference; lastKnownFileType = sourcecode.swift; path = CustomTableViewCell.swift; sourceTree = "<group>"; };
		89E7C9B12941D48A00863C4C /* CustomHeaderView.swift */ = {isa = PBXFileReference; lastKnownFileType = sourcecode.swift; path = CustomHeaderView.swift; sourceTree = "<group>"; };
		89E7C9B32941D4E800863C4C /* CustomHeaderView.xib */ = {isa = PBXFileReference; lastKnownFileType = file.xib; path = CustomHeaderView.xib; sourceTree = "<group>"; };
		89E7C9B52941E40600863C4C /* CustomFooterView.swift */ = {isa = PBXFileReference; lastKnownFileType = sourcecode.swift; path = CustomFooterView.swift; sourceTree = "<group>"; };
		89E7C9B72941E45100863C4C /* CustomFooterView.xib */ = {isa = PBXFileReference; lastKnownFileType = file.xib; path = CustomFooterView.xib; sourceTree = "<group>"; };
		89F90115293DDC1000FB25E7 /* table_view.app */ = {isa = PBXFileReference; explicitFileType = wrapper.application; includeInIndex = 0; path = table_view.app; sourceTree = BUILT_PRODUCTS_DIR; };
		89F90118293DDC1000FB25E7 /* AppDelegate.swift */ = {isa = PBXFileReference; lastKnownFileType = sourcecode.swift; path = AppDelegate.swift; sourceTree = "<group>"; };
		89F9011A293DDC1000FB25E7 /* SceneDelegate.swift */ = {isa = PBXFileReference; lastKnownFileType = sourcecode.swift; path = SceneDelegate.swift; sourceTree = "<group>"; };
		89F9011C293DDC1000FB25E7 /* MyViewController.swift */ = {isa = PBXFileReference; lastKnownFileType = sourcecode.swift; path = MyViewController.swift; sourceTree = "<group>"; };
		89F9011F293DDC1100FB25E7 /* Base */ = {isa = PBXFileReference; lastKnownFileType = file.storyboard; name = Base; path = Base.lproj/Main.storyboard; sourceTree = "<group>"; };
		89F90121293DDC1100FB25E7 /* Assets.xcassets */ = {isa = PBXFileReference; lastKnownFileType = folder.assetcatalog; path = Assets.xcassets; sourceTree = "<group>"; };
		89F90124293DDC1100FB25E7 /* Base */ = {isa = PBXFileReference; lastKnownFileType = file.storyboard; name = Base; path = Base.lproj/LaunchScreen.storyboard; sourceTree = "<group>"; };
		89F90126293DDC1100FB25E7 /* Info.plist */ = {isa = PBXFileReference; lastKnownFileType = text.plist.xml; path = Info.plist; sourceTree = "<group>"; };
/* End PBXFileReference section */

/* Begin PBXFrameworksBuildPhase section */
		89F90112293DDC1000FB25E7 /* Frameworks */ = {
			isa = PBXFrameworksBuildPhase;
			buildActionMask = 2147483647;
			files = (
			);
			runOnlyForDeploymentPostprocessing = 0;
		};
/* End PBXFrameworksBuildPhase section */

/* Begin PBXGroup section */
		89F9010C293DDC1000FB25E7 = {
			isa = PBXGroup;
			children = (
				89F90117293DDC1000FB25E7 /* table_view */,
				89F90116293DDC1000FB25E7 /* Products */,
			);
			sourceTree = "<group>";
		};
		89F90116293DDC1000FB25E7 /* Products */ = {
			isa = PBXGroup;
			children = (
				89F90115293DDC1000FB25E7 /* table_view.app */,
			);
			name = Products;
			sourceTree = "<group>";
		};
		89F90117293DDC1000FB25E7 /* table_view */ = {
			isa = PBXGroup;
			children = (
				89F90118293DDC1000FB25E7 /* AppDelegate.swift */,
				89F9011A293DDC1000FB25E7 /* SceneDelegate.swift */,
				89F9011C293DDC1000FB25E7 /* MyViewController.swift */,
				89E7C9B12941D48A00863C4C /* CustomHeaderView.swift */,
				89E7C9B32941D4E800863C4C /* CustomHeaderView.xib */,
				89E7C9B52941E40600863C4C /* CustomFooterView.swift */,
				89E7C9B72941E45100863C4C /* CustomFooterView.xib */,
				89F9011E293DDC1100FB25E7 /* Main.storyboard */,
				8938121C294093FF00F39D13 /* CustomTableViewCell.swift */,
				89F90121293DDC1100FB25E7 /* Assets.xcassets */,
				89F90123293DDC1100FB25E7 /* LaunchScreen.storyboard */,
				89F90126293DDC1100FB25E7 /* Info.plist */,
			);
			path = table_view;
			sourceTree = "<group>";
		};
/* End PBXGroup section */

/* Begin PBXNativeTarget section */
		89F90114293DDC1000FB25E7 /* table_view */ = {
			isa = PBXNativeTarget;
			buildConfigurationList = 89F90129293DDC1100FB25E7 /* Build configuration list for PBXNativeTarget "table_view" */;
			buildPhases = (
				89F90111293DDC1000FB25E7 /* Sources */,
				89F90112293DDC1000FB25E7 /* Frameworks */,
				89F90113293DDC1000FB25E7 /* Resources */,
			);
			buildRules = (
			);
			dependencies = (
			);
			name = table_view;
			productName = table_view;
			productReference = 89F90115293DDC1000FB25E7 /* table_view.app */;
			productType = "com.apple.product-type.application";
		};
/* End PBXNativeTarget section */

/* Begin PBXProject section */
		89F9010D293DDC1000FB25E7 /* Project object */ = {
			isa = PBXProject;
			attributes = {
				BuildIndependentTargetsInParallel = 1;
				LastSwiftUpdateCheck = 1340;
				LastUpgradeCheck = 1340;
				TargetAttributes = {
					89F90114293DDC1000FB25E7 = {
						CreatedOnToolsVersion = 13.4;
					};
				};
			};
			buildConfigurationList = 89F90110293DDC1000FB25E7 /* Build configuration list for PBXProject "table_view" */;
			compatibilityVersion = "Xcode 13.0";
			developmentRegion = en;
			hasScannedForEncodings = 0;
			knownRegions = (
				en,
				Base,
			);
			mainGroup = 89F9010C293DDC1000FB25E7;
			productRefGroup = 89F90116293DDC1000FB25E7 /* Products */;
			projectDirPath = "";
			projectRoot = "";
			targets = (
				89F90114293DDC1000FB25E7 /* table_view */,
			);
		};
/* End PBXProject section */

/* Begin PBXResourcesBuildPhase section */
		89F90113293DDC1000FB25E7 /* Resources */ = {
			isa = PBXResourcesBuildPhase;
			buildActionMask = 2147483647;
			files = (
				89E7C9B42941D4E800863C4C /* CustomHeaderView.xib in Resources */,
				89F90125293DDC1100FB25E7 /* LaunchScreen.storyboard in Resources */,
				89F90122293DDC1100FB25E7 /* Assets.xcassets in Resources */,
				89E7C9B82941E45100863C4C /* CustomFooterView.xib in Resources */,
				89F90120293DDC1100FB25E7 /* Main.storyboard in Resources */,
			);
			runOnlyForDeploymentPostprocessing = 0;
		};
/* End PBXResourcesBuildPhase section */

/* Begin PBXSourcesBuildPhase section */
		89F90111293DDC1000FB25E7 /* Sources */ = {
			isa = PBXSourcesBuildPhase;
			buildActionMask = 2147483647;
			files = (
				89E7C9B62941E40600863C4C /* CustomFooterView.swift in Sources */,
				89E7C9B22941D48A00863C4C /* CustomHeaderView.swift in Sources */,
				89F9011D293DDC1000FB25E7 /* MyViewController.swift in Sources */,
				89F90119293DDC1000FB25E7 /* AppDelegate.swift in Sources */,
				8938121D294093FF00F39D13 /* CustomTableViewCell.swift in Sources */,
				89F9011B293DDC1000FB25E7 /* SceneDelegate.swift in Sources */,
			);
			runOnlyForDeploymentPostprocessing = 0;
		};
/* End PBXSourcesBuildPhase section */

/* Begin PBXVariantGroup section */
		89F9011E293DDC1100FB25E7 /* Main.storyboard */ = {
			isa = PBXVariantGroup;
			children = (
				89F9011F293DDC1100FB25E7 /* Base */,
			);
			name = Main.storyboard;
			sourceTree = "<group>";
		};
		89F90123293DDC1100FB25E7 /* LaunchScreen.storyboard */ = {
			isa = PBXVariantGroup;
			children = (
				89F90124293DDC1100FB25E7 /* Base */,
			);
			name = LaunchScreen.storyboard;
			sourceTree = "<group>";
		};
/* End PBXVariantGroup section */

/* Begin XCBuildConfiguration section */
		89F90127293DDC1100FB25E7 /* Debug */ = {
			isa = XCBuildConfiguration;
			buildSettings = {
				ALWAYS_SEARCH_USER_PATHS = NO;
				CLANG_ANALYZER_NONNULL = YES;
				CLANG_ANALYZER_NUMBER_OBJECT_CONVERSION = YES_AGGRESSIVE;
				CLANG_CXX_LANGUAGE_STANDARD = "gnu++17";
				CLANG_ENABLE_MODULES = YES;
				CLANG_ENABLE_OBJC_ARC = YES;
				CLANG_ENABLE_OBJC_WEAK = YES;
				CLANG_WARN_BLOCK_CAPTURE_AUTORELEASING = YES;
				CLANG_WARN_BOOL_CONVERSION = YES;
				CLANG_WARN_COMMA = YES;
				CLANG_WARN_CONSTANT_CONVERSION = YES;
				CLANG_WARN_DEPRECATED_OBJC_IMPLEMENTATIONS = YES;
				CLANG_WARN_DIRECT_OBJC_ISA_USAGE = YES_ERROR;
				CLANG_WARN_DOCUMENTATION_COMMENTS = YES;
				CLANG_WARN_EMPTY_BODY = YES;
				CLANG_WARN_ENUM_CONVERSION = YES;
				CLANG_WARN_INFINITE_RECURSION = YES;
				CLANG_WARN_INT_CONVERSION = YES;
				CLANG_WARN_NON_LITERAL_NULL_CONVERSION = YES;
				CLANG_WARN_OBJC_IMPLICIT_RETAIN_SELF = YES;
				CLANG_WARN_OBJC_LITERAL_CONVERSION = YES;
				CLANG_WARN_OBJC_ROOT_CLASS = YES_ERROR;
				CLANG_WARN_QUOTED_INCLUDE_IN_FRAMEWORK_HEADER = YES;
				CLANG_WARN_RANGE_LOOP_ANALYSIS = YES;
				CLANG_WARN_STRICT_PROTOTYPES = YES;
				CLANG_WARN_SUSPICIOUS_MOVE = YES;
				CLANG_WARN_UNGUARDED_AVAILABILITY = YES_AGGRESSIVE;
				CLANG_WARN_UNREACHABLE_CODE = YES;
				CLANG_WARN__DUPLICATE_METHOD_MATCH = YES;
				COPY_PHASE_STRIP = NO;
				DEBUG_INFORMATION_FORMAT = dwarf;
				ENABLE_STRICT_OBJC_MSGSEND = YES;
				ENABLE_TESTABILITY = YES;
				GCC_C_LANGUAGE_STANDARD = gnu11;
				GCC_DYNAMIC_NO_PIC = NO;
				GCC_NO_COMMON_BLOCKS = YES;
				GCC_OPTIMIZATION_LEVEL = 0;
				GCC_PREPROCESSOR_DEFINITIONS = (
					"DEBUG=1",
					"$(inherited)",
				);
				GCC_WARN_64_TO_32_BIT_CONVERSION = YES;
				GCC_WARN_ABOUT_RETURN_TYPE = YES_ERROR;
				GCC_WARN_UNDECLARED_SELECTOR = YES;
				GCC_WARN_UNINITIALIZED_AUTOS = YES_AGGRESSIVE;
				GCC_WARN_UNUSED_FUNCTION = YES;
				GCC_WARN_UNUSED_VARIABLE = YES;
				IPHONEOS_DEPLOYMENT_TARGET = 15.5;
				MTL_ENABLE_DEBUG_INFO = INCLUDE_SOURCE;
				MTL_FAST_MATH = YES;
				ONLY_ACTIVE_ARCH = YES;
				SDKROOT = iphoneos;
				SWIFT_ACTIVE_COMPILATION_CONDITIONS = DEBUG;
				SWIFT_OPTIMIZATION_LEVEL = "-Onone";
			};
			name = Debug;
		};
		89F90128293DDC1100FB25E7 /* Release */ = {
			isa = XCBuildConfiguration;
			buildSettings = {
				ALWAYS_SEARCH_USER_PATHS = NO;
				CLANG_ANALYZER_NONNULL = YES;
				CLANG_ANALYZER_NUMBER_OBJECT_CONVERSION = YES_AGGRESSIVE;
				CLANG_CXX_LANGUAGE_STANDARD = "gnu++17";
				CLANG_ENABLE_MODULES = YES;
				CLANG_ENABLE_OBJC_ARC = YES;
				CLANG_ENABLE_OBJC_WEAK = YES;
				CLANG_WARN_BLOCK_CAPTURE_AUTORELEASING = YES;
				CLANG_WARN_BOOL_CONVERSION = YES;
				CLANG_WARN_COMMA = YES;
				CLANG_WARN_CONSTANT_CONVERSION = YES;
				CLANG_WARN_DEPRECATED_OBJC_IMPLEMENTATIONS = YES;
				CLANG_WARN_DIRECT_OBJC_ISA_USAGE = YES_ERROR;
				CLANG_WARN_DOCUMENTATION_COMMENTS = YES;
				CLANG_WARN_EMPTY_BODY = YES;
				CLANG_WARN_ENUM_CONVERSION = YES;
				CLANG_WARN_INFINITE_RECURSION = YES;
				CLANG_WARN_INT_CONVERSION = YES;
				CLANG_WARN_NON_LITERAL_NULL_CONVERSION = YES;
				CLANG_WARN_OBJC_IMPLICIT_RETAIN_SELF = YES;
				CLANG_WARN_OBJC_LITERAL_CONVERSION = YES;
				CLANG_WARN_OBJC_ROOT_CLASS = YES_ERROR;
				CLANG_WARN_QUOTED_INCLUDE_IN_FRAMEWORK_HEADER = YES;
				CLANG_WARN_RANGE_LOOP_ANALYSIS = YES;
				CLANG_WARN_STRICT_PROTOTYPES = YES;
				CLANG_WARN_SUSPICIOUS_MOVE = YES;
				CLANG_WARN_UNGUARDED_AVAILABILITY = YES_AGGRESSIVE;
				CLANG_WARN_UNREACHABLE_CODE = YES;
				CLANG_WARN__DUPLICATE_METHOD_MATCH = YES;
				COPY_PHASE_STRIP = NO;
				DEBUG_INFORMATION_FORMAT = "dwarf-with-dsym";
				ENABLE_NS_ASSERTIONS = NO;
				ENABLE_STRICT_OBJC_MSGSEND = YES;
				GCC_C_LANGUAGE_STANDARD = gnu11;
				GCC_NO_COMMON_BLOCKS = YES;
				GCC_WARN_64_TO_32_BIT_CONVERSION = YES;
				GCC_WARN_ABOUT_RETURN_TYPE = YES_ERROR;
				GCC_WARN_UNDECLARED_SELECTOR = YES;
				GCC_WARN_UNINITIALIZED_AUTOS = YES_AGGRESSIVE;
				GCC_WARN_UNUSED_FUNCTION = YES;
				GCC_WARN_UNUSED_VARIABLE = YES;
				IPHONEOS_DEPLOYMENT_TARGET = 15.5;
				MTL_ENABLE_DEBUG_INFO = NO;
				MTL_FAST_MATH = YES;
				SDKROOT = iphoneos;
				SWIFT_COMPILATION_MODE = wholemodule;
				SWIFT_OPTIMIZATION_LEVEL = "-O";
				VALIDATE_PRODUCT = YES;
			};
			name = Release;
		};
		89F9012A293DDC1100FB25E7 /* Debug */ = {
			isa = XCBuildConfiguration;
			buildSettings = {
				ASSETCATALOG_COMPILER_APPICON_NAME = AppIcon;
				ASSETCATALOG_COMPILER_GLOBAL_ACCENT_COLOR_NAME = AccentColor;
				CODE_SIGN_STYLE = Automatic;
				CURRENT_PROJECT_VERSION = 1;
				GENERATE_INFOPLIST_FILE = YES;
				INFOPLIST_FILE = table_view/Info.plist;
				INFOPLIST_KEY_UIApplicationSupportsIndirectInputEvents = YES;
				INFOPLIST_KEY_UILaunchStoryboardName = LaunchScreen;
				INFOPLIST_KEY_UIMainStoryboardFile = Main;
				INFOPLIST_KEY_UISupportedInterfaceOrientations_iPad = "UIInterfaceOrientationPortrait UIInterfaceOrientationPortraitUpsideDown UIInterfaceOrientationLandscapeLeft UIInterfaceOrientationLandscapeRight";
				INFOPLIST_KEY_UISupportedInterfaceOrientations_iPhone = "UIInterfaceOrientationPortrait UIInterfaceOrientationLandscapeLeft UIInterfaceOrientationLandscapeRight";
				LD_RUNPATH_SEARCH_PATHS = (
					"$(inherited)",
					"@executable_path/Frameworks",
				);
				MARKETING_VERSION = 1.0;
				PRODUCT_BUNDLE_IDENTIFIER = "bjit.table-view";
				PRODUCT_NAME = "$(TARGET_NAME)";
				SWIFT_EMIT_LOC_STRINGS = YES;
				SWIFT_VERSION = 5.0;
				TARGETED_DEVICE_FAMILY = "1,2";
			};
			name = Debug;
		};
		89F9012B293DDC1100FB25E7 /* Release */ = {
			isa = XCBuildConfiguration;
			buildSettings = {
				ASSETCATALOG_COMPILER_APPICON_NAME = AppIcon;
				ASSETCATALOG_COMPILER_GLOBAL_ACCENT_COLOR_NAME = AccentColor;
				CODE_SIGN_STYLE = Automatic;
				CURRENT_PROJECT_VERSION = 1;
				GENERATE_INFOPLIST_FILE = YES;
				INFOPLIST_FILE = table_view/Info.plist;
				INFOPLIST_KEY_UIApplicationSupportsIndirectInputEvents = YES;
				INFOPLIST_KEY_UILaunchStoryboardName = LaunchScreen;
				INFOPLIST_KEY_UIMainStoryboardFile = Main;
				INFOPLIST_KEY_UISupportedInterfaceOrientations_iPad = "UIInterfaceOrientationPortrait UIInterfaceOrientationPortraitUpsideDown UIInterfaceOrientationLandscapeLeft UIInterfaceOrientationLandscapeRight";
				INFOPLIST_KEY_UISupportedInterfaceOrientations_iPhone = "UIInterfaceOrientationPortrait UIInterfaceOrientationLandscapeLeft UIInterfaceOrientationLandscapeRight";
				LD_RUNPATH_SEARCH_PATHS = (
					"$(inherited)",
					"@executable_path/Frameworks",
				);
				MARKETING_VERSION = 1.0;
				PRODUCT_BUNDLE_IDENTIFIER = "bjit.table-view";
				PRODUCT_NAME = "$(TARGET_NAME)";
				SWIFT_EMIT_LOC_STRINGS = YES;
				SWIFT_VERSION = 5.0;
				TARGETED_DEVICE_FAMILY = "1,2";
			};
			name = Release;
		};
/* End XCBuildConfiguration section */

/* Begin XCConfigurationList section */
		89F90110293DDC1000FB25E7 /* Build configuration list for PBXProject "table_view" */ = {
			isa = XCConfigurationList;
			buildConfigurations = (
				89F90127293DDC1100FB25E7 /* Debug */,
				89F90128293DDC1100FB25E7 /* Release */,
			);
			defaultConfigurationIsVisible = 0;
			defaultConfigurationName = Release;
		};
		89F90129293DDC1100FB25E7 /* Build configuration list for PBXNativeTarget "table_view" */ = {
			isa = XCConfigurationList;
			buildConfigurations = (
				89F9012A293DDC1100FB25E7 /* Debug */,
				89F9012B293DDC1100FB25E7 /* Release */,
			);
			defaultConfigurationIsVisible = 0;
			defaultConfigurationName = Release;
		};
/* End XCConfigurationList section */
	};
	rootObject = 89F9010D293DDC1000FB25E7 /* Project object */;
}
